<?xml version="1.0" encoding="utf-8"?>
<Project ToolsVersion="4.0" xmlns="http://schemas.microsoft.com/developer/msbuild/2003">
  <ItemGroup>
    <Filter Include="Pliki źródłowe">
      <UniqueIdentifier>{4FC737F1-C7A5-4376-A066-2A32D752A2FF}</UniqueIdentifier>
      <Extensions>cpp;c;cc;cxx;def;odl;idl;hpj;bat;asm;asmx</Extensions>
    </Filter>
    <Filter Include="Pliki nagłówkowe">
      <UniqueIdentifier>{93995380-89BD-4b04-88EB-625FBE52EBFB}</UniqueIdentifier>
      <Extensions>h;hh;hpp;hxx;hm;inl;inc;xsd</Extensions>
    </Filter>
    <Filter Include="Pliki zasobów">
      <UniqueIdentifier>{67DA6AB6-F800-4c08-8B7A-83BB121AAD01}</UniqueIdentifier>
      <Extensions>rc;ico;cur;bmp;dlg;rc2;rct;bin;rgs;gif;jpg;jpeg;jpe;resx;tiff;tif;png;wav;mfcribbon-ms</Extensions>
    </Filter>
    <Filter Include="Pliki źródłowe\Utilities">
      <UniqueIdentifier>{fd665c44-60e0-41c7-96d1-b35a0837cec0}</UniqueIdentifier>
    </Filter>
    <Filter Include="Pliki źródłowe\Model">
      <UniqueIdentifier>{d67fa55b-b3ea-4cee-bc36-b872cbe57d3b}</UniqueIdentifier>
    </Filter>
    <Filter Include="Pliki źródłowe\Actions">
      <UniqueIdentifier>{97074b3f-5339-45fd-b1e8-78646e2d5971}</UniqueIdentifier>
    </Filter>
    <Filter Include="Pliki źródłowe\Commands">
      <UniqueIdentifier>{468bd947-b557-452b-a351-c3b0f239d179}</UniqueIdentifier>
    </Filter>
  </ItemGroup>
  <ItemGroup>
    <ClCompile Include="Source.c">
      <Filter>Pliki źródłowe</Filter>
    </ClCompile>
    <ClCompile Include="action.c">
      <Filter>Pliki źródłowe\Utilities</Filter>
    </ClCompile>
    <ClCompile Include="fileConfig.c">
      <Filter>Pliki źródłowe\Utilities</Filter>
    </ClCompile>
    <ClCompile Include="user.c">
      <Filter>Pliki źródłowe\Model</Filter>
    </ClCompile>
    <ClCompile Include="userAction.c">
      <Filter>Pliki źródłowe\Actions</Filter>
    </ClCompile>
    <ClCompile Include="teacherAction.c">
      <Filter>Pliki źródłowe\Actions</Filter>
    </ClCompile>
    <ClCompile Include="pupilAction.c">
      <Filter>Pliki źródłowe\Actions</Filter>
    </ClCompile>
    <ClCompile Include="elementsListing.c">
      <Filter>Pliki źródłowe\Commands</Filter>
    </ClCompile>
    <ClCompile Include="authorization.c">
      <Filter>Pliki źródłowe\Commands</Filter>
    </ClCompile>
    <ClCompile Include="message.c">
      <Filter>Pliki źródłowe\Model</Filter>
    </ClCompile>
    <ClCompile Include="messagesActions.c">
      <Filter>Pliki źródłowe\Actions</Filter>
    </ClCompile>
  </ItemGroup>
  <ItemGroup>
    <ClInclude Include="fileConfig.h">
      <Filter>Pliki źródłowe\Utilities</Filter>
    </ClInclude>
    <ClInclude Include="action.h">
      <Filter>Pliki źródłowe\Utilities</Filter>
    </ClInclude>
    <ClInclude Include="user.h">
      <Filter>Pliki źródłowe\Model</Filter>
    </ClInclude>
    <ClInclude Include="userAction.h">
      <Filter>Pliki źródłowe\Actions</Filter>
    </ClInclude>
    <ClInclude Include="teacherAction.h">
      <Filter>Pliki źródłowe\Actions</Filter>
    </ClInclude>
    <ClInclude Include="pupilAction.h">
      <Filter>Pliki źródłowe\Actions</Filter>
    </ClInclude>
    <ClInclude Include="elementsListing.h">
      <Filter>Pliki źródłowe\Commands</Filter>
    </ClInclude>
    <ClInclude Include="authorization.h">
      <Filter>Pliki źródłowe\Commands</Filter>
    </ClInclude>
    <ClInclude Include="message.h">
      <Filter>Pliki źródłowe\Model</Filter>
    </ClInclude>
    <ClInclude Include="messagesActions.h">
      <Filter>Pliki źródłowe\Actions</Filter>
    </ClInclude>
  </ItemGroup>
  <ItemGroup>
    <Text Include="users.txt" />
    <Text Include="usersConf.txt" />
    <Text Include="messagesConf.txt" />
    <Text Include="messages.txt" />
  </ItemGroup>
</Project>